
Microsoft Visual Studio Solution File, Format Version 12.00
# Visual Studio Version 16
VisualStudioVersion = 16.0.33927.289
MinimumVisualStudioVersion = 10.0.40219.1
Project("{2150E333-8FDC-42A3-9474-1A3956D46DE8}") = "Task0", "Task0", "{C8A676E8-BD98-4334-8447-F102BC643938}"
EndProject
Project("{FAE04EC0-301F-11D3-BF4B-00C04F79EFBC}") = "Tyuiu.GofmanDV.Sprint4.Task0.V8", "Tyuiu.GofmanDV.Sprint4.Task0\Tyuiu.GofmanDV.Sprint4.Task0.V8.csproj", "{59461BCD-D388-4290-AE3E-28D2CF254BDA}"
EndProject
Project("{FAE04EC0-301F-11D3-BF4B-00C04F79EFBC}") = "Tyuiu.GofmanDV.Sprint4.Task0.V8.Lib", "Tyuiu.GofmanDV.Sprint4.Task0.V8.Lib\Tyuiu.GofmanDV.Sprint4.Task0.V8.Lib.csproj", "{EDEC7C6B-9AFB-4891-BC0E-FCC7DAFBDDD0}"
EndProject
Project("{FAE04EC0-301F-11D3-BF4B-00C04F79EFBC}") = "Tyuiu.GofmanDV.Sprint4.Task0.V8.Test", "Tyuiu.GofmanDV.Sprint4.Task0.V8.Test\Tyuiu.GofmanDV.Sprint4.Task0.V8.Test.csproj", "{FBEC7140-663A-4BAF-8C53-51024CD0164E}"
EndProject
Project("{2150E333-8FDC-42A3-9474-1A3956D46DE8}") = "Task1", "Task1", "{BF5D352C-2A6E-4553-9BA6-73C405108992}"
EndProject
Project("{FAE04EC0-301F-11D3-BF4B-00C04F79EFBC}") = "Tyuiu.GofmanDV.Sprint4.Task1.V8", "Tyuiu.GofmanDV.Sprint4.Task1.V8\Tyuiu.GofmanDV.Sprint4.Task1.V8.csproj", "{BDB086BA-FE51-49B2-AABB-7063736D6CDC}"
EndProject
Project("{FAE04EC0-301F-11D3-BF4B-00C04F79EFBC}") = "Tyuiu.GofmanDV.Sprint4.Task1.V8.Lib", "Tyuiu.GofmanDV.Sprint4.Task1.V8.Lib\Tyuiu.GofmanDV.Sprint4.Task1.V8.Lib.csproj", "{5E999D9F-0280-4CEF-B74A-7CAE1AB5BC82}"
EndProject
Project("{FAE04EC0-301F-11D3-BF4B-00C04F79EFBC}") = "Tyuiu.GofmanDV.Sprint4.Task1.V8.Test", "Tyuiu.GofmanDV.Sprint4.Task1.V8.Test\Tyuiu.GofmanDV.Sprint4.Task1.V8.Test.csproj", "{273D5B75-348A-49B0-9507-C804FF6F2F22}"
EndProject
Project("{2150E333-8FDC-42A3-9474-1A3956D46DE8}") = "Task2", "Task2", "{940C999B-29ED-4378-8CD6-E056F39A49A6}"
EndProject
Project("{FAE04EC0-301F-11D3-BF4B-00C04F79EFBC}") = "Tyuiu.GofmanDV.Sprint4.Task2.V7", "Tyuiu.GofmanDV.Sprint4.Task2.V7\Tyuiu.GofmanDV.Sprint4.Task2.V7.csproj", "{D5EB182A-8A6F-4D6B-8807-6647A267B5B6}"
EndProject
Project("{FAE04EC0-301F-11D3-BF4B-00C04F79EFBC}") = "Tyuiu.GofmanDV.Sprint4.Task2.V7.Lib", "Tyuiu.GofmanDV.Sprint4.Task2.V7.Lib\Tyuiu.GofmanDV.Sprint4.Task2.V7.Lib.csproj", "{AC76C591-8184-447F-8708-5A2B96F1A426}"
EndProject
Project("{FAE04EC0-301F-11D3-BF4B-00C04F79EFBC}") = "Tyuiu.GofmanDV.Sprint4.Task2.V7.Test", "Tyuiu.GofmanDV.Sprint4.Task2.V7.Test\Tyuiu.GofmanDV.Sprint4.Task2.V7.Test.csproj", "{B107900E-573F-4EC2-9568-ABE6972EC750}"
EndProject
Project("{2150E333-8FDC-42A3-9474-1A3956D46DE8}") = "Task3", "Task3", "{3CB286C0-1842-44F4-AF7C-8F87B447B9E2}"
EndProject
Project("{FAE04EC0-301F-11D3-BF4B-00C04F79EFBC}") = "Tyuiu.GofmanDV.Sprint4.Task3.V4", "Tyuiu.GofmanDV.Sprint4.Task3.V4\Tyuiu.GofmanDV.Sprint4.Task3.V4.csproj", "{5DF852D7-5B10-437D-9DD0-A278CACDFAC1}"
EndProject
Project("{FAE04EC0-301F-11D3-BF4B-00C04F79EFBC}") = "Tyuiu.GofmanDV.Sprint4.Task3.V4.Lib", "Tyuiu.GofmanDV.Sprint4.Task3.V4.Lib\Tyuiu.GofmanDV.Sprint4.Task3.V4.Lib.csproj", "{08CE6121-84DB-46BE-A142-389973A8D78F}"
EndProject
Project("{FAE04EC0-301F-11D3-BF4B-00C04F79EFBC}") = "Tyuiu.GofmanDV.Sprint4.Task3.V4.Test", "Tyuiu.GofmanDV.Sprint4.Task3.V4.Test\Tyuiu.GofmanDV.Sprint4.Task3.V4.Test.csproj", "{125740E2-EB0C-4C37-B2F8-F2C59FBE6D53}"
EndProject
Project("{2150E333-8FDC-42A3-9474-1A3956D46DE8}") = "Task4", "Task4", "{AE9AEF8B-DACF-4157-A574-0CE0D3553D4A}"
EndProject
Project("{FAE04EC0-301F-11D3-BF4B-00C04F79EFBC}") = "Tyuiu.GofmanDV.Sprint4.Task4.V9", "Tyuiu.GofmanDV.Sprint4.Task4.V9\Tyuiu.GofmanDV.Sprint4.Task4.V9.csproj", "{D9B11216-E7CC-413C-BF76-390F1820B00D}"
EndProject
Project("{FAE04EC0-301F-11D3-BF4B-00C04F79EFBC}") = "Tyuiu.GofmanDV.Sprint4.Task4.V9.Lib", "Tyuiu.GofmanDV.Sprint4.Task4.V9.Lib\Tyuiu.GofmanDV.Sprint4.Task4.V9.Lib.csproj", "{7C5755CC-2944-468F-900F-DE1EF6526F1C}"
EndProject
Project("{FAE04EC0-301F-11D3-BF4B-00C04F79EFBC}") = "Tyuiu.GofmanDV.Sprint4.Task4.V9.Test", "Tyuiu.GofmanDV.Sprint4.Task4.V9.Test\Tyuiu.GofmanDV.Sprint4.Task4.V9.Test.csproj", "{11047E2B-370B-4D7F-AF16-6DDF4A43B6E3}"
EndProject
Global
	GlobalSection(SolutionConfigurationPlatforms) = preSolution
		Debug|Any CPU = Debug|Any CPU
		Release|Any CPU = Release|Any CPU
	EndGlobalSection
	GlobalSection(ProjectConfigurationPlatforms) = postSolution
		{59461BCD-D388-4290-AE3E-28D2CF254BDA}.Debug|Any CPU.ActiveCfg = Debug|Any CPU
		{59461BCD-D388-4290-AE3E-28D2CF254BDA}.Debug|Any CPU.Build.0 = Debug|Any CPU
		{59461BCD-D388-4290-AE3E-28D2CF254BDA}.Release|Any CPU.ActiveCfg = Release|Any CPU
		{59461BCD-D388-4290-AE3E-28D2CF254BDA}.Release|Any CPU.Build.0 = Release|Any CPU
		{EDEC7C6B-9AFB-4891-BC0E-FCC7DAFBDDD0}.Debug|Any CPU.ActiveCfg = Debug|Any CPU
		{EDEC7C6B-9AFB-4891-BC0E-FCC7DAFBDDD0}.Debug|Any CPU.Build.0 = Debug|Any CPU
		{EDEC7C6B-9AFB-4891-BC0E-FCC7DAFBDDD0}.Release|Any CPU.ActiveCfg = Release|Any CPU
		{EDEC7C6B-9AFB-4891-BC0E-FCC7DAFBDDD0}.Release|Any CPU.Build.0 = Release|Any CPU
		{FBEC7140-663A-4BAF-8C53-51024CD0164E}.Debug|Any CPU.ActiveCfg = Debug|Any CPU
		{FBEC7140-663A-4BAF-8C53-51024CD0164E}.Debug|Any CPU.Build.0 = Debug|Any CPU
		{FBEC7140-663A-4BAF-8C53-51024CD0164E}.Release|Any CPU.ActiveCfg = Release|Any CPU
		{FBEC7140-663A-4BAF-8C53-51024CD0164E}.Release|Any CPU.Build.0 = Release|Any CPU
		{BDB086BA-FE51-49B2-AABB-7063736D6CDC}.Debug|Any CPU.ActiveCfg = Debug|Any CPU
		{BDB086BA-FE51-49B2-AABB-7063736D6CDC}.Debug|Any CPU.Build.0 = Debug|Any CPU
		{BDB086BA-FE51-49B2-AABB-7063736D6CDC}.Release|Any CPU.ActiveCfg = Release|Any CPU
		{BDB086BA-FE51-49B2-AABB-7063736D6CDC}.Release|Any CPU.Build.0 = Release|Any CPU
		{5E999D9F-0280-4CEF-B74A-7CAE1AB5BC82}.Debug|Any CPU.ActiveCfg = Debug|Any CPU
		{5E999D9F-0280-4CEF-B74A-7CAE1AB5BC82}.Debug|Any CPU.Build.0 = Debug|Any CPU
		{5E999D9F-0280-4CEF-B74A-7CAE1AB5BC82}.Release|Any CPU.ActiveCfg = Release|Any CPU
		{5E999D9F-0280-4CEF-B74A-7CAE1AB5BC82}.Release|Any CPU.Build.0 = Release|Any CPU
		{273D5B75-348A-49B0-9507-C804FF6F2F22}.Debug|Any CPU.ActiveCfg = Debug|Any CPU
		{273D5B75-348A-49B0-9507-C804FF6F2F22}.Debug|Any CPU.Build.0 = Debug|Any CPU
		{273D5B75-348A-49B0-9507-C804FF6F2F22}.Release|Any CPU.ActiveCfg = Release|Any CPU
		{273D5B75-348A-49B0-9507-C804FF6F2F22}.Release|Any CPU.Build.0 = Release|Any CPU
		{D5EB182A-8A6F-4D6B-8807-6647A267B5B6}.Debug|Any CPU.ActiveCfg = Debug|Any CPU
		{D5EB182A-8A6F-4D6B-8807-6647A267B5B6}.Debug|Any CPU.Build.0 = Debug|Any CPU
		{D5EB182A-8A6F-4D6B-8807-6647A267B5B6}.Release|Any CPU.ActiveCfg = Release|Any CPU
		{D5EB182A-8A6F-4D6B-8807-6647A267B5B6}.Release|Any CPU.Build.0 = Release|Any CPU
		{AC76C591-8184-447F-8708-5A2B96F1A426}.Debug|Any CPU.ActiveCfg = Debug|Any CPU
		{AC76C591-8184-447F-8708-5A2B96F1A426}.Debug|Any CPU.Build.0 = Debug|Any CPU
		{AC76C591-8184-447F-8708-5A2B96F1A426}.Release|Any CPU.ActiveCfg = Release|Any CPU
		{AC76C591-8184-447F-8708-5A2B96F1A426}.Release|Any CPU.Build.0 = Release|Any CPU
		{B107900E-573F-4EC2-9568-ABE6972EC750}.Debug|Any CPU.ActiveCfg = Debug|Any CPU
		{B107900E-573F-4EC2-9568-ABE6972EC750}.Debug|Any CPU.Build.0 = Debug|Any CPU
		{B107900E-573F-4EC2-9568-ABE6972EC750}.Release|Any CPU.ActiveCfg = Release|Any CPU
		{B107900E-573F-4EC2-9568-ABE6972EC750}.Release|Any CPU.Build.0 = Release|Any CPU
		{5DF852D7-5B10-437D-9DD0-A278CACDFAC1}.Debug|Any CPU.ActiveCfg = Debug|Any CPU
		{5DF852D7-5B10-437D-9DD0-A278CACDFAC1}.Debug|Any CPU.Build.0 = Debug|Any CPU
		{5DF852D7-5B10-437D-9DD0-A278CACDFAC1}.Release|Any CPU.ActiveCfg = Release|Any CPU
		{5DF852D7-5B10-437D-9DD0-A278CACDFAC1}.Release|Any CPU.Build.0 = Release|Any CPU
		{08CE6121-84DB-46BE-A142-389973A8D78F}.Debug|Any CPU.ActiveCfg = Debug|Any CPU
		{08CE6121-84DB-46BE-A142-389973A8D78F}.Debug|Any CPU.Build.0 = Debug|Any CPU
		{08CE6121-84DB-46BE-A142-389973A8D78F}.Release|Any CPU.ActiveCfg = Release|Any CPU
		{08CE6121-84DB-46BE-A142-389973A8D78F}.Release|Any CPU.Build.0 = Release|Any CPU
		{125740E2-EB0C-4C37-B2F8-F2C59FBE6D53}.Debug|Any CPU.ActiveCfg = Debug|Any CPU
		{125740E2-EB0C-4C37-B2F8-F2C59FBE6D53}.Debug|Any CPU.Build.0 = Debug|Any CPU
		{125740E2-EB0C-4C37-B2F8-F2C59FBE6D53}.Release|Any CPU.ActiveCfg = Release|Any CPU
		{125740E2-EB0C-4C37-B2F8-F2C59FBE6D53}.Release|Any CPU.Build.0 = Release|Any CPU
		{D9B11216-E7CC-413C-BF76-390F1820B00D}.Debug|Any CPU.ActiveCfg = Debug|Any CPU
		{D9B11216-E7CC-413C-BF76-390F1820B00D}.Debug|Any CPU.Build.0 = Debug|Any CPU
		{D9B11216-E7CC-413C-BF76-390F1820B00D}.Release|Any CPU.ActiveCfg = Release|Any CPU
		{D9B11216-E7CC-413C-BF76-390F1820B00D}.Release|Any CPU.Build.0 = Release|Any CPU
		{7C5755CC-2944-468F-900F-DE1EF6526F1C}.Debug|Any CPU.ActiveCfg = Debug|Any CPU
		{7C5755CC-2944-468F-900F-DE1EF6526F1C}.Debug|Any CPU.Build.0 = Debug|Any CPU
		{7C5755CC-2944-468F-900F-DE1EF6526F1C}.Release|Any CPU.ActiveCfg = Release|Any CPU
		{7C5755CC-2944-468F-900F-DE1EF6526F1C}.Release|Any CPU.Build.0 = Release|Any CPU
		{11047E2B-370B-4D7F-AF16-6DDF4A43B6E3}.Debug|Any CPU.ActiveCfg = Debug|Any CPU
		{11047E2B-370B-4D7F-AF16-6DDF4A43B6E3}.Debug|Any CPU.Build.0 = Debug|Any CPU
		{11047E2B-370B-4D7F-AF16-6DDF4A43B6E3}.Release|Any CPU.ActiveCfg = Release|Any CPU
		{11047E2B-370B-4D7F-AF16-6DDF4A43B6E3}.Release|Any CPU.Build.0 = Release|Any CPU
	EndGlobalSection
	GlobalSection(SolutionProperties) = preSolution
		HideSolutionNode = FALSE
	EndGlobalSection
	GlobalSection(NestedProjects) = preSolution
		{59461BCD-D388-4290-AE3E-28D2CF254BDA} = {C8A676E8-BD98-4334-8447-F102BC643938}
		{EDEC7C6B-9AFB-4891-BC0E-FCC7DAFBDDD0} = {C8A676E8-BD98-4334-8447-F102BC643938}
		{FBEC7140-663A-4BAF-8C53-51024CD0164E} = {C8A676E8-BD98-4334-8447-F102BC643938}
		{BDB086BA-FE51-49B2-AABB-7063736D6CDC} = {BF5D352C-2A6E-4553-9BA6-73C405108992}
		{5E999D9F-0280-4CEF-B74A-7CAE1AB5BC82} = {BF5D352C-2A6E-4553-9BA6-73C405108992}
		{273D5B75-348A-49B0-9507-C804FF6F2F22} = {BF5D352C-2A6E-4553-9BA6-73C405108992}
		{D5EB182A-8A6F-4D6B-8807-6647A267B5B6} = {940C999B-29ED-4378-8CD6-E056F39A49A6}
		{AC76C591-8184-447F-8708-5A2B96F1A426} = {940C999B-29ED-4378-8CD6-E056F39A49A6}
		{B107900E-573F-4EC2-9568-ABE6972EC750} = {940C999B-29ED-4378-8CD6-E056F39A49A6}
		{5DF852D7-5B10-437D-9DD0-A278CACDFAC1} = {3CB286C0-1842-44F4-AF7C-8F87B447B9E2}
		{08CE6121-84DB-46BE-A142-389973A8D78F} = {3CB286C0-1842-44F4-AF7C-8F87B447B9E2}
		{125740E2-EB0C-4C37-B2F8-F2C59FBE6D53} = {3CB286C0-1842-44F4-AF7C-8F87B447B9E2}
		{D9B11216-E7CC-413C-BF76-390F1820B00D} = {AE9AEF8B-DACF-4157-A574-0CE0D3553D4A}
		{7C5755CC-2944-468F-900F-DE1EF6526F1C} = {AE9AEF8B-DACF-4157-A574-0CE0D3553D4A}
		{11047E2B-370B-4D7F-AF16-6DDF4A43B6E3} = {AE9AEF8B-DACF-4157-A574-0CE0D3553D4A}
	EndGlobalSection
	GlobalSection(ExtensibilityGlobals) = postSolution
		SolutionGuid = {79A59AB1-781F-4679-B965-0C1DCBF8D37F}
	EndGlobalSection
EndGlobal
